
Microsoft Visual Studio Solution File, Format Version 12.00
# Visual Studio Version 16
VisualStudioVersion = 16.0.30804.86
MinimumVisualStudioVersion = 10.0.40219.1
Project("{FAE04EC0-301F-11D3-BF4B-00C04F79EFBC}") = "TaskManagerServer", "TaskManagerServer.csproj", "{685462A1-2696-49D2-A7BD-18818C77A848}"
EndProject
Project("{FAE04EC0-301F-11D3-BF4B-00C04F79EFBC}") = "test", "..\..\примеры\test\test.csproj", "{7AF8A370-2363-45BC-8AB6-8FEF976E4C71}"
EndProject
Global
	GlobalSection(SolutionConfigurationPlatforms) = preSolution
		Debug|Any CPU = Debug|Any CPU
		Release|Any CPU = Release|Any CPU
	EndGlobalSection
	GlobalSection(ProjectConfigurationPlatforms) = postSolution
		{685462A1-2696-49D2-A7BD-18818C77A848}.Debug|Any CPU.ActiveCfg = Debug|Any CPU
		{685462A1-2696-49D2-A7BD-18818C77A848}.Debug|Any CPU.Build.0 = Debug|Any CPU
		{685462A1-2696-49D2-A7BD-18818C77A848}.Release|Any CPU.ActiveCfg = Release|Any CPU
		{685462A1-2696-49D2-A7BD-18818C77A848}.Release|Any CPU.Build.0 = Release|Any CPU
		{7AF8A370-2363-45BC-8AB6-8FEF976E4C71}.Debug|Any CPU.ActiveCfg = Debug|Any CPU
		{7AF8A370-2363-45BC-8AB6-8FEF976E4C71}.Debug|Any CPU.Build.0 = Debug|Any CPU
		{7AF8A370-2363-45BC-8AB6-8FEF976E4C71}.Release|Any CPU.ActiveCfg = Release|Any CPU
		{7AF8A370-2363-45BC-8AB6-8FEF976E4C71}.Release|Any CPU.Build.0 = Release|Any CPU
	EndGlobalSection
	GlobalSection(SolutionProperties) = preSolution
		HideSolutionNode = FALSE
	EndGlobalSection
	GlobalSection(ExtensibilityGlobals) = postSolution
		SolutionGuid = {8DC7ADAA-8C49-4772-91E3-BB424D3D019B}
	EndGlobalSection
EndGlobal
